{
  "object": {
    "pins": [
      {
        "package": "Alamofire",
        "repositoryURL": "https://github.com/Alamofire/Alamofire.git",
        "state": {
          "branch": "master",
          "revision": "51d67100121d586c9d15ec0227de96442af4dd6d",
          "version": null
        }
      },
      {
        "package": "AlamofireImage",
        "repositoryURL": "https://github.com/Alamofire/AlamofireImage.git",
        "state": {
          "branch": "master",
          "revision": "af1c41645ef2d3ab48ffb3fb3a11941c71e5f9a0",
          "version": null
        }
      },
      {
        "package": "PanModal",
        "repositoryURL": "https://github.com/slackhq/PanModal.git",
        "state": {
          "branch": null,
          "revision": "b012aecb6b67a8e46369227f893c12544846613f",
          "version": "1.2.7"
        }
      },
      {
        "package": "SnapKit",
        "repositoryURL": "https://github.com/SnapKit/SnapKit.git",
        "state": {
          "branch": "develop",
          "revision": "07c5d1f6044701d97e94dc11157259e8811977be",
          "version": null
        }
      }
    ]
  },
  "version": 1
}
